
Microsoft Visual Studio Solution File, Format Version 12.00
# Visual Studio Version 17
VisualStudioVersion = 17.0.31919.166
MinimumVisualStudioVersion = 10.0.40219.1
Project("{FAE04EC0-301F-11D3-BF4B-00C04F79EFBC}") = "ContactAppUI", "ContactAppUI\ContactAppUI.csproj", "{456A1C14-D636-4433-9F1B-E8F28C82779E}"
EndProject
Global
	GlobalSection(SolutionConfigurationPlatforms) = preSolution
		Debug|Any CPU = Debug|Any CPU
		Release|Any CPU = Release|Any CPU
	EndGlobalSection
	GlobalSection(ProjectConfigurationPlatforms) = postSolution
		{456A1C14-D636-4433-9F1B-E8F28C82779E}.Debug|Any CPU.ActiveCfg = Debug|Any CPU
		{456A1C14-D636-4433-9F1B-E8F28C82779E}.Debug|Any CPU.Build.0 = Debug|Any CPU
		{456A1C14-D636-4433-9F1B-E8F28C82779E}.Release|Any CPU.ActiveCfg = Release|Any CPU
		{456A1C14-D636-4433-9F1B-E8F28C82779E}.Release|Any CPU.Build.0 = Release|Any CPU
	EndGlobalSection
	GlobalSection(SolutionProperties) = preSolution
		HideSolutionNode = FALSE
	EndGlobalSection
	GlobalSection(ExtensibilityGlobals) = postSolution
		SolutionGuid = {72A88262-291A-4997-B9DE-6A63594194E7}
	EndGlobalSection
EndGlobal
